// !$*UTF8*$!
{
	archiveVersion = 1;
	classes = {
	};
	objectVersion = 50;
	objects = {

/* Begin PBXBuildFile section */
		F502F5BC264E46220057E760 /* AppDelegate.swift in Sources */ = {isa = PBXBuildFile; fileRef = F502F5BB264E46220057E760 /* AppDelegate.swift */; };
		F502F5BE264E46220057E760 /* SceneDelegate.swift in Sources */ = {isa = PBXBuildFile; fileRef = F502F5BD264E46220057E760 /* SceneDelegate.swift */; };
		F502F5C0264E46220057E760 /* ContentView.swift in Sources */ = {isa = PBXBuildFile; fileRef = F502F5BF264E46220057E760 /* ContentView.swift */; };
		F502F5C2264E46230057E760 /* Assets.xcassets in Resources */ = {isa = PBXBuildFile; fileRef = F502F5C1264E46230057E760 /* Assets.xcassets */; };
		F502F5C5264E46230057E760 /* Preview Assets.xcassets in Resources */ = {isa = PBXBuildFile; fileRef = F502F5C4264E46230057E760 /* Preview Assets.xcassets */; };
		F502F5C8264E46230057E760 /* LaunchScreen.storyboard in Resources */ = {isa = PBXBuildFile; fileRef = F502F5C6264E46230057E760 /* LaunchScreen.storyboard */; };
		F502F5D8264E532A0057E760 /* Caveat-SemiBold.ttf in Resources */ = {isa = PBXBuildFile; fileRef = F502F5D7264E532A0057E760 /* Caveat-SemiBold.ttf */; };
		F502F5DB264E537F0057E760 /* DancingScript-Regular.ttf in Resources */ = {isa = PBXBuildFile; fileRef = F502F5D9264E537F0057E760 /* DancingScript-Regular.ttf */; };
		F502F5DC264E537F0057E760 /* DancingScript-SemiBold.ttf in Resources */ = {isa = PBXBuildFile; fileRef = F502F5DA264E537F0057E760 /* DancingScript-SemiBold.ttf */; };
		F56F27032653AE48003DE4C3 /* infoViewUI.swift in Sources */ = {isa = PBXBuildFile; fileRef = F56F27022653AE48003DE4C3 /* infoViewUI.swift */; };
/* End PBXBuildFile section */

/* Begin PBXFileReference section */
		F502F5B8264E46220057E760 /* Ramin Keshavarzi.app */ = {isa = PBXFileReference; explicitFileType = wrapper.application; includeInIndex = 0; path = "Ramin Keshavarzi.app"; sourceTree = BUILT_PRODUCTS_DIR; };
		F502F5BB264E46220057E760 /* AppDelegate.swift */ = {isa = PBXFileReference; lastKnownFileType = sourcecode.swift; path = AppDelegate.swift; sourceTree = "<group>"; };
		F502F5BD264E46220057E760 /* SceneDelegate.swift */ = {isa = PBXFileReference; lastKnownFileType = sourcecode.swift; path = SceneDelegate.swift; sourceTree = "<group>"; };
		F502F5BF264E46220057E760 /* ContentView.swift */ = {isa = PBXFileReference; lastKnownFileType = sourcecode.swift; path = ContentView.swift; sourceTree = "<group>"; };
		F502F5C1264E46230057E760 /* Assets.xcassets */ = {isa = PBXFileReference; lastKnownFileType = folder.assetcatalog; path = Assets.xcassets; sourceTree = "<group>"; };
		F502F5C4264E46230057E760 /* Preview Assets.xcassets */ = {isa = PBXFileReference; lastKnownFileType = folder.assetcatalog; path = "Preview Assets.xcassets"; sourceTree = "<group>"; };
		F502F5C7264E46230057E760 /* Base */ = {isa = PBXFileReference; lastKnownFileType = file.storyboard; name = Base; path = Base.lproj/LaunchScreen.storyboard; sourceTree = "<group>"; };
		F502F5C9264E46230057E760 /* Info.plist */ = {isa = PBXFileReference; lastKnownFileType = text.plist.xml; path = Info.plist; sourceTree = "<group>"; };
		F502F5D7264E532A0057E760 /* Caveat-SemiBold.ttf */ = {isa = PBXFileReference; lastKnownFileType = file; path = "Caveat-SemiBold.ttf"; sourceTree = "<group>"; };
		F502F5D9264E537F0057E760 /* DancingScript-Regular.ttf */ = {isa = PBXFileReference; lastKnownFileType = file; path = "DancingScript-Regular.ttf"; sourceTree = "<group>"; };
		F502F5DA264E537F0057E760 /* DancingScript-SemiBold.ttf */ = {isa = PBXFileReference; lastKnownFileType = file; path = "DancingScript-SemiBold.ttf"; sourceTree = "<group>"; };
		F56F27022653AE48003DE4C3 /* infoViewUI.swift */ = {isa = PBXFileReference; lastKnownFileType = sourcecode.swift; path = infoViewUI.swift; sourceTree = "<group>"; };
/* End PBXFileReference section */

/* Begin PBXFrameworksBuildPhase section */
		F502F5B5264E46220057E760 /* Frameworks */ = {
			isa = PBXFrameworksBuildPhase;
			buildActionMask = 2147483647;
			files = (
			);
			runOnlyForDeploymentPostprocessing = 0;
		};
/* End PBXFrameworksBuildPhase section */

/* Begin PBXGroup section */
		F502F5AF264E46220057E760 = {
			isa = PBXGroup;
			children = (
				F502F5BA264E46220057E760 /* Ramin Keshavarzi */,
				F502F5B9264E46220057E760 /* Products */,
			);
			sourceTree = "<group>";
		};
		F502F5B9264E46220057E760 /* Products */ = {
			isa = PBXGroup;
			children = (
				F502F5B8264E46220057E760 /* Ramin Keshavarzi.app */,
			);
			name = Products;
			sourceTree = "<group>";
		};
		F502F5BA264E46220057E760 /* Ramin Keshavarzi */ = {
			isa = PBXGroup;
			children = (
				F56F26FF2653AE14003DE4C3 /* view */,
				F502F5D0264E50290057E760 /* Assests */,
				F502F5BB264E46220057E760 /* AppDelegate.swift */,
				F502F5BD264E46220057E760 /* SceneDelegate.swift */,
				F502F5C6264E46230057E760 /* LaunchScreen.storyboard */,
				F502F5C9264E46230057E760 /* Info.plist */,
				F502F5C3264E46230057E760 /* Preview Content */,
			);
			path = "Ramin Keshavarzi";
			sourceTree = "<group>";
		};
		F502F5C3264E46230057E760 /* Preview Content */ = {
			isa = PBXGroup;
			children = (
				F502F5C4264E46230057E760 /* Preview Assets.xcassets */,
			);
			path = "Preview Content";
			sourceTree = "<group>";
		};
		F502F5CF264E50230057E760 /* fonts */ = {
			isa = PBXGroup;
			children = (
				F502F5D9264E537F0057E760 /* DancingScript-Regular.ttf */,
				F502F5DA264E537F0057E760 /* DancingScript-SemiBold.ttf */,
				F502F5D7264E532A0057E760 /* Caveat-SemiBold.ttf */,
			);
			path = fonts;
			sourceTree = "<group>";
		};
		F502F5D0264E50290057E760 /* Assests */ = {
			isa = PBXGroup;
			children = (
				F502F5C1264E46230057E760 /* Assets.xcassets */,
				F502F5CF264E50230057E760 /* fonts */,
			);
			path = Assests;
			sourceTree = "<group>";
		};
		F56F26FF2653AE14003DE4C3 /* view */ = {
			isa = PBXGroup;
			children = (
				F502F5BF264E46220057E760 /* ContentView.swift */,
				F56F27022653AE48003DE4C3 /* infoViewUI.swift */,
			);
			path = view;
			sourceTree = "<group>";
		};
/* End PBXGroup section */

/* Begin PBXNativeTarget section */
		F502F5B7264E46220057E760 /* Ramin Keshavarzi */ = {
			isa = PBXNativeTarget;
			buildConfigurationList = F502F5CC264E46230057E760 /* Build configuration list for PBXNativeTarget "Ramin Keshavarzi" */;
			buildPhases = (
				F502F5B4264E46220057E760 /* Sources */,
				F502F5B5264E46220057E760 /* Frameworks */,
				F502F5B6264E46220057E760 /* Resources */,
			);
			buildRules = (
			);
			dependencies = (
			);
			name = "Ramin Keshavarzi";
			productName = "Ramin Keshavarzi";
			productReference = F502F5B8264E46220057E760 /* Ramin Keshavarzi.app */;
			productType = "com.apple.product-type.application";
		};
/* End PBXNativeTarget section */

/* Begin PBXProject section */
		F502F5B0264E46220057E760 /* Project object */ = {
			isa = PBXProject;
			attributes = {
				LastSwiftUpdateCheck = 1250;
				LastUpgradeCheck = 1250;
				TargetAttributes = {
					F502F5B7264E46220057E760 = {
						CreatedOnToolsVersion = 12.5;
					};
				};
			};
			buildConfigurationList = F502F5B3264E46220057E760 /* Build configuration list for PBXProject "Ramin Keshavarzi" */;
			compatibilityVersion = "Xcode 9.3";
			developmentRegion = en;
			hasScannedForEncodings = 0;
			knownRegions = (
				en,
				Base,
			);
			mainGroup = F502F5AF264E46220057E760;
			productRefGroup = F502F5B9264E46220057E760 /* Products */;
			projectDirPath = "";
			projectRoot = "";
			targets = (
				F502F5B7264E46220057E760 /* Ramin Keshavarzi */,
			);
		};
/* End PBXProject section */

/* Begin PBXResourcesBuildPhase section */
		F502F5B6264E46220057E760 /* Resources */ = {
			isa = PBXResourcesBuildPhase;
			buildActionMask = 2147483647;
			files = (
				F502F5C8264E46230057E760 /* LaunchScreen.storyboard in Resources */,
				F502F5DC264E537F0057E760 /* DancingScript-SemiBold.ttf in Resources */,
				F502F5C5264E46230057E760 /* Preview Assets.xcassets in Resources */,
				F502F5C2264E46230057E760 /* Assets.xcassets in Resources */,
				F502F5D8264E532A0057E760 /* Caveat-SemiBold.ttf in Resources */,
				F502F5DB264E537F0057E760 /* DancingScript-Regular.ttf in Resources */,
			);
			runOnlyForDeploymentPostprocessing = 0;
		};
/* End PBXResourcesBuildPhase section */

/* Begin PBXSourcesBuildPhase section */
		F502F5B4264E46220057E760 /* Sources */ = {
			isa = PBXSourcesBuildPhase;
			buildActionMask = 2147483647;
			files = (
				F56F27032653AE48003DE4C3 /* infoViewUI.swift in Sources */,
				F502F5BC264E46220057E760 /* AppDelegate.swift in Sources */,
				F502F5BE264E46220057E760 /* SceneDelegate.swift in Sources */,
				F502F5C0264E46220057E760 /* ContentView.swift in Sources */,
			);
			runOnlyForDeploymentPostprocessing = 0;
		};
/* End PBXSourcesBuildPhase section */

/* Begin PBXVariantGroup section */
		F502F5C6264E46230057E760 /* LaunchScreen.storyboard */ = {
			isa = PBXVariantGroup;
			children = (
				F502F5C7264E46230057E760 /* Base */,
			);
			name = LaunchScreen.storyboard;
			sourceTree = "<group>";
		};
/* End PBXVariantGroup section */

/* Begin XCBuildConfiguration section */
		F502F5CA264E46230057E760 /* Debug */ = {
			isa = XCBuildConfiguration;
			buildSettings = {
				ALWAYS_SEARCH_USER_PATHS = NO;
				CLANG_ANALYZER_NONNULL = YES;
				CLANG_ANALYZER_NUMBER_OBJECT_CONVERSION = YES_AGGRESSIVE;
				CLANG_CXX_LANGUAGE_STANDARD = "gnu++14";
				CLANG_CXX_LIBRARY = "libc++";
				CLANG_ENABLE_MODULES = YES;
				CLANG_ENABLE_OBJC_ARC = YES;
				CLANG_ENABLE_OBJC_WEAK = YES;
				CLANG_WARN_BLOCK_CAPTURE_AUTORELEASING = YES;
				CLANG_WARN_BOOL_CONVERSION = YES;
				CLANG_WARN_COMMA = YES;
				CLANG_WARN_CONSTANT_CONVERSION = YES;
				CLANG_WARN_DEPRECATED_OBJC_IMPLEMENTATIONS = YES;
				CLANG_WARN_DIRECT_OBJC_ISA_USAGE = YES_ERROR;
				CLANG_WARN_DOCUMENTATION_COMMENTS = YES;
				CLANG_WARN_EMPTY_BODY = YES;
				CLANG_WARN_ENUM_CONVERSION = YES;
				CLANG_WARN_INFINITE_RECURSION = YES;
				CLANG_WARN_INT_CONVERSION = YES;
				CLANG_WARN_NON_LITERAL_NULL_CONVERSION = YES;
				CLANG_WARN_OBJC_IMPLICIT_RETAIN_SELF = YES;
				CLANG_WARN_OBJC_LITERAL_CONVERSION = YES;
				CLANG_WARN_OBJC_ROOT_CLASS = YES_ERROR;
				CLANG_WARN_QUOTED_INCLUDE_IN_FRAMEWORK_HEADER = YES;
				CLANG_WARN_RANGE_LOOP_ANALYSIS = YES;
				CLANG_WARN_STRICT_PROTOTYPES = YES;
				CLANG_WARN_SUSPICIOUS_MOVE = YES;
				CLANG_WARN_UNGUARDED_AVAILABILITY = YES_AGGRESSIVE;
				CLANG_WARN_UNREACHABLE_CODE = YES;
				CLANG_WARN__DUPLICATE_METHOD_MATCH = YES;
				COPY_PHASE_STRIP = NO;
				DEBUG_INFORMATION_FORMAT = dwarf;
				ENABLE_STRICT_OBJC_MSGSEND = YES;
				ENABLE_TESTABILITY = YES;
				GCC_C_LANGUAGE_STANDARD = gnu11;
				GCC_DYNAMIC_NO_PIC = NO;
				GCC_NO_COMMON_BLOCKS = YES;
				GCC_OPTIMIZATION_LEVEL = 0;
				GCC_PREPROCESSOR_DEFINITIONS = (
					"DEBUG=1",
					"$(inherited)",
				);
				GCC_WARN_64_TO_32_BIT_CONVERSION = YES;
				GCC_WARN_ABOUT_RETURN_TYPE = YES_ERROR;
				GCC_WARN_UNDECLARED_SELECTOR = YES;
				GCC_WARN_UNINITIALIZED_AUTOS = YES_AGGRESSIVE;
				GCC_WARN_UNUSED_FUNCTION = YES;
				GCC_WARN_UNUSED_VARIABLE = YES;
				IPHONEOS_DEPLOYMENT_TARGET = 14.5;
				MTL_ENABLE_DEBUG_INFO = INCLUDE_SOURCE;
				MTL_FAST_MATH = YES;
				ONLY_ACTIVE_ARCH = YES;
				SDKROOT = iphoneos;
				SWIFT_ACTIVE_COMPILATION_CONDITIONS = DEBUG;
				SWIFT_OPTIMIZATION_LEVEL = "-Onone";
			};
			name = Debug;
		};
		F502F5CB264E46230057E760 /* Release */ = {
			isa = XCBuildConfiguration;
			buildSettings = {
				ALWAYS_SEARCH_USER_PATHS = NO;
				CLANG_ANALYZER_NONNULL = YES;
				CLANG_ANALYZER_NUMBER_OBJECT_CONVERSION = YES_AGGRESSIVE;
				CLANG_CXX_LANGUAGE_STANDARD = "gnu++14";
				CLANG_CXX_LIBRARY = "libc++";
				CLANG_ENABLE_MODULES = YES;
				CLANG_ENABLE_OBJC_ARC = YES;
				CLANG_ENABLE_OBJC_WEAK = YES;
				CLANG_WARN_BLOCK_CAPTURE_AUTORELEASING = YES;
				CLANG_WARN_BOOL_CONVERSION = YES;
				CLANG_WARN_COMMA = YES;
				CLANG_WARN_CONSTANT_CONVERSION = YES;
				CLANG_WARN_DEPRECATED_OBJC_IMPLEMENTATIONS = YES;
				CLANG_WARN_DIRECT_OBJC_ISA_USAGE = YES_ERROR;
				CLANG_WARN_DOCUMENTATION_COMMENTS = YES;
				CLANG_WARN_EMPTY_BODY = YES;
				CLANG_WARN_ENUM_CONVERSION = YES;
				CLANG_WARN_INFINITE_RECURSION = YES;
				CLANG_WARN_INT_CONVERSION = YES;
				CLANG_WARN_NON_LITERAL_NULL_CONVERSION = YES;
				CLANG_WARN_OBJC_IMPLICIT_RETAIN_SELF = YES;
				CLANG_WARN_OBJC_LITERAL_CONVERSION = YES;
				CLANG_WARN_OBJC_ROOT_CLASS = YES_ERROR;
				CLANG_WARN_QUOTED_INCLUDE_IN_FRAMEWORK_HEADER = YES;
				CLANG_WARN_RANGE_LOOP_ANALYSIS = YES;
				CLANG_WARN_STRICT_PROTOTYPES = YES;
				CLANG_WARN_SUSPICIOUS_MOVE = YES;
				CLANG_WARN_UNGUARDED_AVAILABILITY = YES_AGGRESSIVE;
				CLANG_WARN_UNREACHABLE_CODE = YES;
				CLANG_WARN__DUPLICATE_METHOD_MATCH = YES;
				COPY_PHASE_STRIP = NO;
				DEBUG_INFORMATION_FORMAT = "dwarf-with-dsym";
				ENABLE_NS_ASSERTIONS = NO;
				ENABLE_STRICT_OBJC_MSGSEND = YES;
				GCC_C_LANGUAGE_STANDARD = gnu11;
				GCC_NO_COMMON_BLOCKS = YES;
				GCC_WARN_64_TO_32_BIT_CONVERSION = YES;
				GCC_WARN_ABOUT_RETURN_TYPE = YES_ERROR;
				GCC_WARN_UNDECLARED_SELECTOR = YES;
				GCC_WARN_UNINITIALIZED_AUTOS = YES_AGGRESSIVE;
				GCC_WARN_UNUSED_FUNCTION = YES;
				GCC_WARN_UNUSED_VARIABLE = YES;
				IPHONEOS_DEPLOYMENT_TARGET = 14.5;
				MTL_ENABLE_DEBUG_INFO = NO;
				MTL_FAST_MATH = YES;
				SDKROOT = iphoneos;
				SWIFT_COMPILATION_MODE = wholemodule;
				SWIFT_OPTIMIZATION_LEVEL = "-O";
				VALIDATE_PRODUCT = YES;
			};
			name = Release;
		};
		F502F5CD264E46230057E760 /* Debug */ = {
			isa = XCBuildConfiguration;
			buildSettings = {
				ASSETCATALOG_COMPILER_APPICON_NAME = AppIcon;
				ASSETCATALOG_COMPILER_GLOBAL_ACCENT_COLOR_NAME = AccentColor;
				CODE_SIGN_STYLE = Automatic;
				DEVELOPMENT_ASSET_PATHS = "\"Ramin Keshavarzi/Preview Content\"";
				DEVELOPMENT_TEAM = 22946LSHH7;
				ENABLE_PREVIEWS = YES;
				INFOPLIST_FILE = "Ramin Keshavarzi/Info.plist";
				LD_RUNPATH_SEARCH_PATHS = (
					"$(inherited)",
					"@executable_path/Frameworks",
				);
				PRODUCT_BUNDLE_IDENTIFIER = "ramin.Ramin-Keshavarzi";
				PRODUCT_NAME = "$(TARGET_NAME)";
				SWIFT_VERSION = 5.0;
				TARGETED_DEVICE_FAMILY = "1,2";
			};
			name = Debug;
		};
		F502F5CE264E46230057E760 /* Release */ = {
			isa = XCBuildConfiguration;
			buildSettings = {
				ASSETCATALOG_COMPILER_APPICON_NAME = AppIcon;
				ASSETCATALOG_COMPILER_GLOBAL_ACCENT_COLOR_NAME = AccentColor;
				CODE_SIGN_STYLE = Automatic;
				DEVELOPMENT_ASSET_PATHS = "\"Ramin Keshavarzi/Preview Content\"";
				DEVELOPMENT_TEAM = 22946LSHH7;
				ENABLE_PREVIEWS = YES;
				INFOPLIST_FILE = "Ramin Keshavarzi/Info.plist";
				LD_RUNPATH_SEARCH_PATHS = (
					"$(inherited)",
					"@executable_path/Frameworks",
				);
				PRODUCT_BUNDLE_IDENTIFIER = "ramin.Ramin-Keshavarzi";
				PRODUCT_NAME = "$(TARGET_NAME)";
				SWIFT_VERSION = 5.0;
				TARGETED_DEVICE_FAMILY = "1,2";
			};
			name = Release;
		};
/* End XCBuildConfiguration section */

/* Begin XCConfigurationList section */
		F502F5B3264E46220057E760 /* Build configuration list for PBXProject "Ramin Keshavarzi" */ = {
			isa = XCConfigurationList;
			buildConfigurations = (
				F502F5CA264E46230057E760 /* Debug */,
				F502F5CB264E46230057E760 /* Release */,
			);
			defaultConfigurationIsVisible = 0;
			defaultConfigurationName = Release;
		};
		F502F5CC264E46230057E760 /* Build configuration list for PBXNativeTarget "Ramin Keshavarzi" */ = {
			isa = XCConfigurationList;
			buildConfigurations = (
				F502F5CD264E46230057E760 /* Debug */,
				F502F5CE264E46230057E760 /* Release */,
			);
			defaultConfigurationIsVisible = 0;
			defaultConfigurationName = Release;
		};
/* End XCConfigurationList section */
	};
	rootObject = F502F5B0264E46220057E760 /* Project object */;
}
